
Microsoft Visual Studio Solution File, Format Version 12.00
# Visual Studio 14
VisualStudioVersion = 14.0.24720.0
MinimumVisualStudioVersion = 10.0.40219.1
Project("{FAE04EC0-301F-11D3-BF4B-00C04F79EFBC}") = "SportsStore.Domain", "SportsStore.Domain\SportsStore.Domain.csproj", "{C4257C87-8782-4BBE-B713-5226680B6CB7}"
EndProject
Project("{FAE04EC0-301F-11D3-BF4B-00C04F79EFBC}") = "SportsStore.WebUI", "SportsStore.WebUI\SportsStore.WebUI.csproj", "{F66A2A67-5875-4ED3-8AC7-42DB88F22280}"
EndProject
Project("{FAE04EC0-301F-11D3-BF4B-00C04F79EFBC}") = "SportsStore.UnitTests", "SportsStore.UnitTests\SportsStore.UnitTests.csproj", "{0C2A781D-F613-41A6-81B5-194BFD2E49E1}"
EndProject
Global
	GlobalSection(SolutionConfigurationPlatforms) = preSolution
		Debug|Any CPU = Debug|Any CPU
		Release|Any CPU = Release|Any CPU
	EndGlobalSection
	GlobalSection(ProjectConfigurationPlatforms) = postSolution
		{C4257C87-8782-4BBE-B713-5226680B6CB7}.Debug|Any CPU.ActiveCfg = Debug|Any CPU
		{C4257C87-8782-4BBE-B713-5226680B6CB7}.Debug|Any CPU.Build.0 = Debug|Any CPU
		{C4257C87-8782-4BBE-B713-5226680B6CB7}.Release|Any CPU.ActiveCfg = Release|Any CPU
		{C4257C87-8782-4BBE-B713-5226680B6CB7}.Release|Any CPU.Build.0 = Release|Any CPU
		{F66A2A67-5875-4ED3-8AC7-42DB88F22280}.Debug|Any CPU.ActiveCfg = Debug|Any CPU
		{F66A2A67-5875-4ED3-8AC7-42DB88F22280}.Debug|Any CPU.Build.0 = Debug|Any CPU
		{F66A2A67-5875-4ED3-8AC7-42DB88F22280}.Release|Any CPU.ActiveCfg = Release|Any CPU
		{F66A2A67-5875-4ED3-8AC7-42DB88F22280}.Release|Any CPU.Build.0 = Release|Any CPU
		{0C2A781D-F613-41A6-81B5-194BFD2E49E1}.Debug|Any CPU.ActiveCfg = Debug|Any CPU
		{0C2A781D-F613-41A6-81B5-194BFD2E49E1}.Debug|Any CPU.Build.0 = Debug|Any CPU
		{0C2A781D-F613-41A6-81B5-194BFD2E49E1}.Release|Any CPU.ActiveCfg = Release|Any CPU
		{0C2A781D-F613-41A6-81B5-194BFD2E49E1}.Release|Any CPU.Build.0 = Release|Any CPU
	EndGlobalSection
	GlobalSection(SolutionProperties) = preSolution
		HideSolutionNode = FALSE
	EndGlobalSection
EndGlobal
